
Microsoft Visual Studio Solution File, Format Version 11.00
# Visual Studio 2010
Project("{2150E333-8FDC-42A3-9474-1A3956D46DE8}") = "01.Comun", "01.Comun", "{634C3613-F597-4D39-9265-0D127648F9FA}"
EndProject
Project("{2150E333-8FDC-42A3-9474-1A3956D46DE8}") = "02.CapaDatos", "02.CapaDatos", "{78B41237-1690-4A5C-A0E8-5950B954DD4C}"
EndProject
Project("{2150E333-8FDC-42A3-9474-1A3956D46DE8}") = "03.CapaNegocios", "03.CapaNegocios", "{7E81BCD7-87D8-4EB1-96EF-26230DD01F98}"
EndProject
Project("{2150E333-8FDC-42A3-9474-1A3956D46DE8}") = "04.CapaPresentacion", "04.CapaPresentacion", "{08B7FC44-7B5E-4BB7-8788-EC80964918D6}"
EndProject
Project("{2150E333-8FDC-42A3-9474-1A3956D46DE8}") = "00.Librerias", "00.Librerias", "{9D7BB1A2-7E1D-49FC-94C3-60ACC8486836}"
EndProject
Project("{2150E333-8FDC-42A3-9474-1A3956D46DE8}") = "EnterpriseLibrary", "EnterpriseLibrary", "{C0E9B76F-EF91-49FC-AE92-A83680DE6C8C}"
	ProjectSection(SolutionItems) = preProject
		Librerias\Microsoft.Practices.EnterpriseLibrary.Caching.Cryptography.dll = Librerias\Microsoft.Practices.EnterpriseLibrary.Caching.Cryptography.dll
		Librerias\Microsoft.Practices.EnterpriseLibrary.Caching.Database.dll = Librerias\Microsoft.Practices.EnterpriseLibrary.Caching.Database.dll
		Librerias\Microsoft.Practices.EnterpriseLibrary.Caching.dll = Librerias\Microsoft.Practices.EnterpriseLibrary.Caching.dll
		Librerias\Microsoft.Practices.EnterpriseLibrary.Common.dll = Librerias\Microsoft.Practices.EnterpriseLibrary.Common.dll
		Librerias\Microsoft.Practices.EnterpriseLibrary.Data.dll = Librerias\Microsoft.Practices.EnterpriseLibrary.Data.dll
		Librerias\Microsoft.Practices.EnterpriseLibrary.ExceptionHandling.dll = Librerias\Microsoft.Practices.EnterpriseLibrary.ExceptionHandling.dll
		Librerias\Microsoft.Practices.EnterpriseLibrary.ExceptionHandling.Logging.dll = Librerias\Microsoft.Practices.EnterpriseLibrary.ExceptionHandling.Logging.dll
		Librerias\Microsoft.Practices.EnterpriseLibrary.Logging.Database.dll = Librerias\Microsoft.Practices.EnterpriseLibrary.Logging.Database.dll
		Librerias\Microsoft.Practices.EnterpriseLibrary.Logging.dll = Librerias\Microsoft.Practices.EnterpriseLibrary.Logging.dll
		Librerias\Microsoft.Practices.EnterpriseLibrary.Security.Cache.CachingStore.dll = Librerias\Microsoft.Practices.EnterpriseLibrary.Security.Cache.CachingStore.dll
		Librerias\Microsoft.Practices.EnterpriseLibrary.Security.Cryptography.dll = Librerias\Microsoft.Practices.EnterpriseLibrary.Security.Cryptography.dll
		Librerias\Microsoft.Practices.EnterpriseLibrary.Security.dll = Librerias\Microsoft.Practices.EnterpriseLibrary.Security.dll
		Librerias\Microsoft.Practices.EnterpriseLibrary.Validation.dll = Librerias\Microsoft.Practices.EnterpriseLibrary.Validation.dll
		Librerias\Microsoft.Practices.ServiceLocation.dll = Librerias\Microsoft.Practices.ServiceLocation.dll
		Librerias\Microsoft.Practices.Unity.Configuration.dll = Librerias\Microsoft.Practices.Unity.Configuration.dll
		Librerias\Microsoft.Practices.Unity.dll = Librerias\Microsoft.Practices.Unity.dll
		Librerias\Microsoft.Practices.Unity.Interception.dll = Librerias\Microsoft.Practices.Unity.Interception.dll
	EndProjectSection
EndProject
Project("{2150E333-8FDC-42A3-9474-1A3956D46DE8}") = "Mock", "Mock", "{D279FDE5-0877-4D76-AF7B-845F50EEDD73}"
	ProjectSection(SolutionItems) = preProject
		Librerias\Rhino.Mocks.dll = Librerias\Rhino.Mocks.dll
	EndProjectSection
EndProject
Project("{2150E333-8FDC-42A3-9474-1A3956D46DE8}") = "AjaxControlTOolkit", "AjaxControlTOolkit", "{018B614F-5867-4B19-AACB-974A8FBC00F7}"
	ProjectSection(SolutionItems) = preProject
		Librerias\AjaxControlToolkit.dll = Librerias\AjaxControlToolkit.dll
		..\..\CHRISTIAN\Desktop\Validators.dll = ..\..\CHRISTIAN\Desktop\Validators.dll
	EndProjectSection
EndProject
Project("{2150E333-8FDC-42A3-9474-1A3956D46DE8}") = "ReportViewer", "ReportViewer", "{4A1D6B32-DC9D-47E1-A546-C763E8E69CDC}"
	ProjectSection(SolutionItems) = preProject
		Librerias\Microsoft.ReportViewer.Common.dll = Librerias\Microsoft.ReportViewer.Common.dll
		Librerias\Microsoft.ReportViewer.WebForms.dll = Librerias\Microsoft.ReportViewer.WebForms.dll
	EndProjectSection
EndProject
Project("{FAE04EC0-301F-11D3-BF4B-00C04F79EFBC}") = "TMD.Core", "TMD.Core\TMD.Core.csproj", "{A1458C90-1DFA-4F07-A8E3-F3F0BF953216}"
EndProject
Project("{FAE04EC0-301F-11D3-BF4B-00C04F79EFBC}") = "TMD.Strings", "TMD.Strings\TMD.Strings.csproj", "{5ECB613B-8ED1-4427-83AA-1615B9E0E319}"
EndProject
Project("{FAE04EC0-301F-11D3-BF4B-00C04F79EFBC}") = "TMD.CF.AccesoDatos", "TMD.CF.AccesoDatos\TMD.CF.AccesoDatos.csproj", "{728F843E-C373-48F7-A41E-B2A5B6FA2572}"
EndProject
Project("{FAE04EC0-301F-11D3-BF4B-00C04F79EFBC}") = "TMD.CF.LogicaNegocios", "TMD.CF.LogicaNegocios\TMD.CF.LogicaNegocios.csproj", "{1ED7F34A-504A-4BA9-A9A2-DDED2E15DB61}"
EndProject
Project("{FAE04EC0-301F-11D3-BF4B-00C04F79EFBC}") = "TMD.Entidades", "TMD.Entidades\TMD.Entidades.csproj", "{106F46E5-0855-453E-9C06-B67D1EE7A00F}"
EndProject
Project("{FAE04EC0-301F-11D3-BF4B-00C04F79EFBC}") = "TMD.Site", "TMD.Site\TMD.Site.csproj", "{8E4B6AF7-458B-4FEF-9879-B66C16B3441D}"
EndProject
Project("{FAE04EC0-301F-11D3-BF4B-00C04F79EFBC}") = "TMD.MP.AccesoDatos", "TMD.MP.AccesoDatos\TMD.MP.AccesoDatos.csproj", "{442F6990-00E2-444C-B388-E0274435A977}"
EndProject
Project("{FAE04EC0-301F-11D3-BF4B-00C04F79EFBC}") = "TMD.MP.LogicaNegocios", "TMD.MP.LogicaNegocios\TMD.MP.LogicaNegocios.csproj", "{202836F6-D587-495C-867A-2E8F00A87408}"
EndProject
Project("{FAE04EC0-301F-11D3-BF4B-00C04F79EFBC}") = "TMD.MP.Comun", "TMD.MP.Comun\TMD.MP.Comun.csproj", "{33880C96-3055-42AB-9F69-85550D058261}"
EndProject
Project("{FAE04EC0-301F-11D3-BF4B-00C04F79EFBC}") = "TMD.SD.AccesoDatos-Atencion", "TMD.ServiceDesk.AD-Atencion\TMD.SD.AccesoDatos-Atencion.csproj", "{A095BF24-7742-45BD-92FA-C376D36C4F23}"
EndProject
Project("{FAE04EC0-301F-11D3-BF4B-00C04F79EFBC}") = "TMD.SD.AccesoDatos-Encuestas", "TMD.ServiceDesk.AD-Encuestas\TMD.SD.AccesoDatos-Encuestas.csproj", "{EFA61BB7-E24D-4C16-9F95-C9C6F51D9BA9}"
EndProject
Project("{FAE04EC0-301F-11D3-BF4B-00C04F79EFBC}") = "TMD.SD.LogicaNegocio-Atencion", "TMD.SD.LogicaNegocio-Atencion\TMD.SD.LogicaNegocio-Atencion.csproj", "{0D852F58-3543-419D-968E-CD0AC34AE95B}"
EndProject
Project("{FAE04EC0-301F-11D3-BF4B-00C04F79EFBC}") = "TMD.SD.LogicaNegocio-Encuestas", "TMD.SD.LogicaNegocio-Encuestas\TMD.SD.LogicaNegocio-Encuestas.csproj", "{1CBD7696-77DD-4078-93AA-2C24E29587F2}"
EndProject
Project("{FAE04EC0-301F-11D3-BF4B-00C04F79EFBC}") = "TMD.ACP.LogicaNegocios", "TMD.ACP.LogicaNegocios\TMD.ACP.LogicaNegocios.csproj", "{4CBA70E9-590F-43B5-824A-604B04B89644}"
EndProject
Project("{FAE04EC0-301F-11D3-BF4B-00C04F79EFBC}") = "TMD.ACP.AccesoDatos", "TMD.ACP.AccesoDatos\TMD.ACP.AccesoDatos.csproj", "{80B394DF-9667-4B5B-B3A7-3797BCAAC669}"
EndProject
Project("{FAE04EC0-301F-11D3-BF4B-00C04F79EFBC}") = "TMD.GM.AccesoDatos", "TMD.GM.AccesoDatos\TMD.GM.AccesoDatos.csproj", "{BA6CE01E-1F44-4997-A42D-E7C5642648BA}"
EndProject
Project("{FAE04EC0-301F-11D3-BF4B-00C04F79EFBC}") = "TMD.GM.LogicaNegocios", "TMD.GM.LogicaNegocios\TMD.GM.LogicaNegocios.csproj", "{610AEC74-2EEF-4432-92A2-880E1CC9E722}"
EndProject
Global
	GlobalSection(TestCaseManagementSettings) = postSolution
		CategoryFile = TMD.GestionConfiguracion.vsmdi
	EndGlobalSection
	GlobalSection(SolutionConfigurationPlatforms) = preSolution
		Debug|Any CPU = Debug|Any CPU
		Release|Any CPU = Release|Any CPU
	EndGlobalSection
	GlobalSection(ProjectConfigurationPlatforms) = postSolution
		{A1458C90-1DFA-4F07-A8E3-F3F0BF953216}.Debug|Any CPU.ActiveCfg = Debug|Any CPU
		{A1458C90-1DFA-4F07-A8E3-F3F0BF953216}.Debug|Any CPU.Build.0 = Debug|Any CPU
		{A1458C90-1DFA-4F07-A8E3-F3F0BF953216}.Release|Any CPU.ActiveCfg = Release|Any CPU
		{A1458C90-1DFA-4F07-A8E3-F3F0BF953216}.Release|Any CPU.Build.0 = Release|Any CPU
		{5ECB613B-8ED1-4427-83AA-1615B9E0E319}.Debug|Any CPU.ActiveCfg = Debug|Any CPU
		{5ECB613B-8ED1-4427-83AA-1615B9E0E319}.Debug|Any CPU.Build.0 = Debug|Any CPU
		{5ECB613B-8ED1-4427-83AA-1615B9E0E319}.Release|Any CPU.ActiveCfg = Release|Any CPU
		{5ECB613B-8ED1-4427-83AA-1615B9E0E319}.Release|Any CPU.Build.0 = Release|Any CPU
		{728F843E-C373-48F7-A41E-B2A5B6FA2572}.Debug|Any CPU.ActiveCfg = Debug|Any CPU
		{728F843E-C373-48F7-A41E-B2A5B6FA2572}.Debug|Any CPU.Build.0 = Debug|Any CPU
		{728F843E-C373-48F7-A41E-B2A5B6FA2572}.Release|Any CPU.ActiveCfg = Release|Any CPU
		{728F843E-C373-48F7-A41E-B2A5B6FA2572}.Release|Any CPU.Build.0 = Release|Any CPU
		{1ED7F34A-504A-4BA9-A9A2-DDED2E15DB61}.Debug|Any CPU.ActiveCfg = Debug|Any CPU
		{1ED7F34A-504A-4BA9-A9A2-DDED2E15DB61}.Debug|Any CPU.Build.0 = Debug|Any CPU
		{1ED7F34A-504A-4BA9-A9A2-DDED2E15DB61}.Release|Any CPU.ActiveCfg = Release|Any CPU
		{1ED7F34A-504A-4BA9-A9A2-DDED2E15DB61}.Release|Any CPU.Build.0 = Release|Any CPU
		{106F46E5-0855-453E-9C06-B67D1EE7A00F}.Debug|Any CPU.ActiveCfg = Debug|Any CPU
		{106F46E5-0855-453E-9C06-B67D1EE7A00F}.Debug|Any CPU.Build.0 = Debug|Any CPU
		{106F46E5-0855-453E-9C06-B67D1EE7A00F}.Release|Any CPU.ActiveCfg = Release|Any CPU
		{106F46E5-0855-453E-9C06-B67D1EE7A00F}.Release|Any CPU.Build.0 = Release|Any CPU
		{8E4B6AF7-458B-4FEF-9879-B66C16B3441D}.Debug|Any CPU.ActiveCfg = Debug|Any CPU
		{8E4B6AF7-458B-4FEF-9879-B66C16B3441D}.Debug|Any CPU.Build.0 = Debug|Any CPU
		{8E4B6AF7-458B-4FEF-9879-B66C16B3441D}.Release|Any CPU.ActiveCfg = Release|Any CPU
		{8E4B6AF7-458B-4FEF-9879-B66C16B3441D}.Release|Any CPU.Build.0 = Release|Any CPU
		{442F6990-00E2-444C-B388-E0274435A977}.Debug|Any CPU.ActiveCfg = Debug|Any CPU
		{442F6990-00E2-444C-B388-E0274435A977}.Debug|Any CPU.Build.0 = Debug|Any CPU
		{442F6990-00E2-444C-B388-E0274435A977}.Release|Any CPU.ActiveCfg = Release|Any CPU
		{442F6990-00E2-444C-B388-E0274435A977}.Release|Any CPU.Build.0 = Release|Any CPU
		{202836F6-D587-495C-867A-2E8F00A87408}.Debug|Any CPU.ActiveCfg = Debug|Any CPU
		{202836F6-D587-495C-867A-2E8F00A87408}.Debug|Any CPU.Build.0 = Debug|Any CPU
		{202836F6-D587-495C-867A-2E8F00A87408}.Release|Any CPU.ActiveCfg = Release|Any CPU
		{202836F6-D587-495C-867A-2E8F00A87408}.Release|Any CPU.Build.0 = Release|Any CPU
		{33880C96-3055-42AB-9F69-85550D058261}.Debug|Any CPU.ActiveCfg = Debug|Any CPU
		{33880C96-3055-42AB-9F69-85550D058261}.Debug|Any CPU.Build.0 = Debug|Any CPU
		{33880C96-3055-42AB-9F69-85550D058261}.Release|Any CPU.ActiveCfg = Release|Any CPU
		{33880C96-3055-42AB-9F69-85550D058261}.Release|Any CPU.Build.0 = Release|Any CPU
		{A095BF24-7742-45BD-92FA-C376D36C4F23}.Debug|Any CPU.ActiveCfg = Debug|Any CPU
		{A095BF24-7742-45BD-92FA-C376D36C4F23}.Debug|Any CPU.Build.0 = Debug|Any CPU
		{A095BF24-7742-45BD-92FA-C376D36C4F23}.Release|Any CPU.ActiveCfg = Release|Any CPU
		{A095BF24-7742-45BD-92FA-C376D36C4F23}.Release|Any CPU.Build.0 = Release|Any CPU
		{EFA61BB7-E24D-4C16-9F95-C9C6F51D9BA9}.Debug|Any CPU.ActiveCfg = Debug|Any CPU
		{EFA61BB7-E24D-4C16-9F95-C9C6F51D9BA9}.Debug|Any CPU.Build.0 = Debug|Any CPU
		{EFA61BB7-E24D-4C16-9F95-C9C6F51D9BA9}.Release|Any CPU.ActiveCfg = Release|Any CPU
		{EFA61BB7-E24D-4C16-9F95-C9C6F51D9BA9}.Release|Any CPU.Build.0 = Release|Any CPU
		{0D852F58-3543-419D-968E-CD0AC34AE95B}.Debug|Any CPU.ActiveCfg = Debug|Any CPU
		{0D852F58-3543-419D-968E-CD0AC34AE95B}.Debug|Any CPU.Build.0 = Debug|Any CPU
		{0D852F58-3543-419D-968E-CD0AC34AE95B}.Release|Any CPU.ActiveCfg = Release|Any CPU
		{0D852F58-3543-419D-968E-CD0AC34AE95B}.Release|Any CPU.Build.0 = Release|Any CPU
		{1CBD7696-77DD-4078-93AA-2C24E29587F2}.Debug|Any CPU.ActiveCfg = Debug|Any CPU
		{1CBD7696-77DD-4078-93AA-2C24E29587F2}.Debug|Any CPU.Build.0 = Debug|Any CPU
		{1CBD7696-77DD-4078-93AA-2C24E29587F2}.Release|Any CPU.ActiveCfg = Release|Any CPU
		{1CBD7696-77DD-4078-93AA-2C24E29587F2}.Release|Any CPU.Build.0 = Release|Any CPU
		{4CBA70E9-590F-43B5-824A-604B04B89644}.Debug|Any CPU.ActiveCfg = Debug|Any CPU
		{4CBA70E9-590F-43B5-824A-604B04B89644}.Debug|Any CPU.Build.0 = Debug|Any CPU
		{4CBA70E9-590F-43B5-824A-604B04B89644}.Release|Any CPU.ActiveCfg = Release|Any CPU
		{4CBA70E9-590F-43B5-824A-604B04B89644}.Release|Any CPU.Build.0 = Release|Any CPU
		{80B394DF-9667-4B5B-B3A7-3797BCAAC669}.Debug|Any CPU.ActiveCfg = Debug|Any CPU
		{80B394DF-9667-4B5B-B3A7-3797BCAAC669}.Debug|Any CPU.Build.0 = Debug|Any CPU
		{80B394DF-9667-4B5B-B3A7-3797BCAAC669}.Release|Any CPU.ActiveCfg = Release|Any CPU
		{80B394DF-9667-4B5B-B3A7-3797BCAAC669}.Release|Any CPU.Build.0 = Release|Any CPU
		{BA6CE01E-1F44-4997-A42D-E7C5642648BA}.Debug|Any CPU.ActiveCfg = Debug|Any CPU
		{BA6CE01E-1F44-4997-A42D-E7C5642648BA}.Debug|Any CPU.Build.0 = Debug|Any CPU
		{BA6CE01E-1F44-4997-A42D-E7C5642648BA}.Release|Any CPU.ActiveCfg = Release|Any CPU
		{BA6CE01E-1F44-4997-A42D-E7C5642648BA}.Release|Any CPU.Build.0 = Release|Any CPU
		{610AEC74-2EEF-4432-92A2-880E1CC9E722}.Debug|Any CPU.ActiveCfg = Debug|Any CPU
		{610AEC74-2EEF-4432-92A2-880E1CC9E722}.Debug|Any CPU.Build.0 = Debug|Any CPU
		{610AEC74-2EEF-4432-92A2-880E1CC9E722}.Release|Any CPU.ActiveCfg = Release|Any CPU
		{610AEC74-2EEF-4432-92A2-880E1CC9E722}.Release|Any CPU.Build.0 = Release|Any CPU
	EndGlobalSection
	GlobalSection(SolutionProperties) = preSolution
		HideSolutionNode = FALSE
	EndGlobalSection
	GlobalSection(NestedProjects) = preSolution
		{A1458C90-1DFA-4F07-A8E3-F3F0BF953216} = {634C3613-F597-4D39-9265-0D127648F9FA}
		{5ECB613B-8ED1-4427-83AA-1615B9E0E319} = {634C3613-F597-4D39-9265-0D127648F9FA}
		{33880C96-3055-42AB-9F69-85550D058261} = {634C3613-F597-4D39-9265-0D127648F9FA}
		{728F843E-C373-48F7-A41E-B2A5B6FA2572} = {78B41237-1690-4A5C-A0E8-5950B954DD4C}
		{442F6990-00E2-444C-B388-E0274435A977} = {78B41237-1690-4A5C-A0E8-5950B954DD4C}
		{A095BF24-7742-45BD-92FA-C376D36C4F23} = {78B41237-1690-4A5C-A0E8-5950B954DD4C}
		{EFA61BB7-E24D-4C16-9F95-C9C6F51D9BA9} = {78B41237-1690-4A5C-A0E8-5950B954DD4C}
		{80B394DF-9667-4B5B-B3A7-3797BCAAC669} = {78B41237-1690-4A5C-A0E8-5950B954DD4C}
		{BA6CE01E-1F44-4997-A42D-E7C5642648BA} = {78B41237-1690-4A5C-A0E8-5950B954DD4C}
		{1ED7F34A-504A-4BA9-A9A2-DDED2E15DB61} = {7E81BCD7-87D8-4EB1-96EF-26230DD01F98}
		{106F46E5-0855-453E-9C06-B67D1EE7A00F} = {7E81BCD7-87D8-4EB1-96EF-26230DD01F98}
		{202836F6-D587-495C-867A-2E8F00A87408} = {7E81BCD7-87D8-4EB1-96EF-26230DD01F98}
		{0D852F58-3543-419D-968E-CD0AC34AE95B} = {7E81BCD7-87D8-4EB1-96EF-26230DD01F98}
		{1CBD7696-77DD-4078-93AA-2C24E29587F2} = {7E81BCD7-87D8-4EB1-96EF-26230DD01F98}
		{4CBA70E9-590F-43B5-824A-604B04B89644} = {7E81BCD7-87D8-4EB1-96EF-26230DD01F98}
		{610AEC74-2EEF-4432-92A2-880E1CC9E722} = {7E81BCD7-87D8-4EB1-96EF-26230DD01F98}
		{8E4B6AF7-458B-4FEF-9879-B66C16B3441D} = {08B7FC44-7B5E-4BB7-8788-EC80964918D6}
		{C0E9B76F-EF91-49FC-AE92-A83680DE6C8C} = {9D7BB1A2-7E1D-49FC-94C3-60ACC8486836}
		{D279FDE5-0877-4D76-AF7B-845F50EEDD73} = {9D7BB1A2-7E1D-49FC-94C3-60ACC8486836}
		{018B614F-5867-4B19-AACB-974A8FBC00F7} = {9D7BB1A2-7E1D-49FC-94C3-60ACC8486836}
		{4A1D6B32-DC9D-47E1-A546-C763E8E69CDC} = {9D7BB1A2-7E1D-49FC-94C3-60ACC8486836}
	EndGlobalSection
	GlobalSection(SubversionScc) = preSolution
		Svn-Managed = True
		Manager = AnkhSVN - Subversion Support for Visual Studio
	EndGlobalSection
EndGlobal
